
Microsoft Visual Studio Solution File, Format Version 12.00
Project("{FAE04EC0-301F-11D3-BF4B-00C04F79EFBC}") = "CriticalUDP", "CriticalUDP\CriticalUDP.csproj", "{44F96D93-9422-4C02-A4EE-3665462F7A05}"
EndProject
Project("{FAE04EC0-301F-11D3-BF4B-00C04F79EFBC}") = "ReliableUdpEcho", "ReliableUdpEcho\ReliableUdpEcho.csproj", "{6E60058E-C7B9-41AF-8244-368F614C68E2}"
EndProject
Global
	GlobalSection(SolutionConfigurationPlatforms) = preSolution
		Debug|Any CPU = Debug|Any CPU
		Release|Any CPU = Release|Any CPU
	EndGlobalSection
	GlobalSection(ProjectConfigurationPlatforms) = postSolution
		{44F96D93-9422-4C02-A4EE-3665462F7A05}.Debug|Any CPU.ActiveCfg = Debug|Any CPU
		{44F96D93-9422-4C02-A4EE-3665462F7A05}.Debug|Any CPU.Build.0 = Debug|Any CPU
		{44F96D93-9422-4C02-A4EE-3665462F7A05}.Release|Any CPU.ActiveCfg = Release|Any CPU
		{44F96D93-9422-4C02-A4EE-3665462F7A05}.Release|Any CPU.Build.0 = Release|Any CPU
		{6E60058E-C7B9-41AF-8244-368F614C68E2}.Debug|Any CPU.ActiveCfg = Debug|Any CPU
		{6E60058E-C7B9-41AF-8244-368F614C68E2}.Debug|Any CPU.Build.0 = Debug|Any CPU
		{6E60058E-C7B9-41AF-8244-368F614C68E2}.Release|Any CPU.ActiveCfg = Release|Any CPU
		{6E60058E-C7B9-41AF-8244-368F614C68E2}.Release|Any CPU.Build.0 = Release|Any CPU
	EndGlobalSection
EndGlobal
